
Microsoft Visual Studio Solution File, Format Version 12.00
# Visual Studio Version 17
VisualStudioVersion = 17.4.33103.184
MinimumVisualStudioVersion = 10.0.40219.1
Project("{9A19103F-16F7-4668-BE54-9A1E7A4F7556}") = "Entities", "Entities\Entities.csproj", "{D6D9D521-733D-4839-9085-AADAA72F134C}"
EndProject
Project("{9A19103F-16F7-4668-BE54-9A1E7A4F7556}") = "Service", "Service\Service.csproj", "{3BC413E9-B8CB-4CFB-90FA-422425DD86ED}"
EndProject
Project("{9A19103F-16F7-4668-BE54-9A1E7A4F7556}") = "Presentation", "Presentation\Presentation.csproj", "{89DC2236-5516-4A95-B3F8-8B31444E553A}"
EndProject
Project("{9A19103F-16F7-4668-BE54-9A1E7A4F7556}") = "Repositories", "Repositories\Repositories.csproj", "{E070E770-3E0E-4F3D-8B79-DCF9ADCA2FAB}"
EndProject
Project("{9A19103F-16F7-4668-BE54-9A1E7A4F7556}") = "StudentApi", "StudentApi\StudentApi.csproj", "{6105574C-D4FE-4C1A-965C-995151687E5B}"
EndProject
Global
	GlobalSection(SolutionConfigurationPlatforms) = preSolution
		Debug|Any CPU = Debug|Any CPU
		Release|Any CPU = Release|Any CPU
	EndGlobalSection
	GlobalSection(ProjectConfigurationPlatforms) = postSolution
		{D6D9D521-733D-4839-9085-AADAA72F134C}.Debug|Any CPU.ActiveCfg = Debug|Any CPU
		{D6D9D521-733D-4839-9085-AADAA72F134C}.Debug|Any CPU.Build.0 = Debug|Any CPU
		{D6D9D521-733D-4839-9085-AADAA72F134C}.Release|Any CPU.ActiveCfg = Release|Any CPU
		{D6D9D521-733D-4839-9085-AADAA72F134C}.Release|Any CPU.Build.0 = Release|Any CPU
		{3BC413E9-B8CB-4CFB-90FA-422425DD86ED}.Debug|Any CPU.ActiveCfg = Debug|Any CPU
		{3BC413E9-B8CB-4CFB-90FA-422425DD86ED}.Debug|Any CPU.Build.0 = Debug|Any CPU
		{3BC413E9-B8CB-4CFB-90FA-422425DD86ED}.Release|Any CPU.ActiveCfg = Release|Any CPU
		{3BC413E9-B8CB-4CFB-90FA-422425DD86ED}.Release|Any CPU.Build.0 = Release|Any CPU
		{89DC2236-5516-4A95-B3F8-8B31444E553A}.Debug|Any CPU.ActiveCfg = Debug|Any CPU
		{89DC2236-5516-4A95-B3F8-8B31444E553A}.Debug|Any CPU.Build.0 = Debug|Any CPU
		{89DC2236-5516-4A95-B3F8-8B31444E553A}.Release|Any CPU.ActiveCfg = Release|Any CPU
		{89DC2236-5516-4A95-B3F8-8B31444E553A}.Release|Any CPU.Build.0 = Release|Any CPU
		{E070E770-3E0E-4F3D-8B79-DCF9ADCA2FAB}.Debug|Any CPU.ActiveCfg = Debug|Any CPU
		{E070E770-3E0E-4F3D-8B79-DCF9ADCA2FAB}.Debug|Any CPU.Build.0 = Debug|Any CPU
		{E070E770-3E0E-4F3D-8B79-DCF9ADCA2FAB}.Release|Any CPU.ActiveCfg = Release|Any CPU
		{E070E770-3E0E-4F3D-8B79-DCF9ADCA2FAB}.Release|Any CPU.Build.0 = Release|Any CPU
		{6105574C-D4FE-4C1A-965C-995151687E5B}.Debug|Any CPU.ActiveCfg = Debug|Any CPU
		{6105574C-D4FE-4C1A-965C-995151687E5B}.Debug|Any CPU.Build.0 = Debug|Any CPU
		{6105574C-D4FE-4C1A-965C-995151687E5B}.Release|Any CPU.ActiveCfg = Release|Any CPU
		{6105574C-D4FE-4C1A-965C-995151687E5B}.Release|Any CPU.Build.0 = Release|Any CPU
	EndGlobalSection
	GlobalSection(SolutionProperties) = preSolution
		HideSolutionNode = FALSE
	EndGlobalSection
	GlobalSection(ExtensibilityGlobals) = postSolution
		SolutionGuid = {8D03932C-3DE7-4970-9B6F-CB3447D5BC5B}
	EndGlobalSection
EndGlobal
